
Microsoft Visual Studio Solution File, Format Version 12.00
# Visual Studio Version 16
VisualStudioVersion = 16.0.30804.86
MinimumVisualStudioVersion = 10.0.40219.1
Project("{FAE04EC0-301F-11D3-BF4B-00C04F79EFBC}") = "MaasHesaplama", "MaasHesaplama\MaasHesaplama.csproj", "{100F74FF-D713-429C-8B90-316E67797286}"
EndProject
Global
	GlobalSection(SolutionConfigurationPlatforms) = preSolution
		Debug|Any CPU = Debug|Any CPU
		Release|Any CPU = Release|Any CPU
	EndGlobalSection
	GlobalSection(ProjectConfigurationPlatforms) = postSolution
		{100F74FF-D713-429C-8B90-316E67797286}.Debug|Any CPU.ActiveCfg = Debug|Any CPU
		{100F74FF-D713-429C-8B90-316E67797286}.Debug|Any CPU.Build.0 = Debug|Any CPU
		{100F74FF-D713-429C-8B90-316E67797286}.Release|Any CPU.ActiveCfg = Release|Any CPU
		{100F74FF-D713-429C-8B90-316E67797286}.Release|Any CPU.Build.0 = Release|Any CPU
	EndGlobalSection
	GlobalSection(SolutionProperties) = preSolution
		HideSolutionNode = FALSE
	EndGlobalSection
	GlobalSection(ExtensibilityGlobals) = postSolution
		SolutionGuid = {6FE90CAD-7B57-407F-884C-62153197C4A3}
	EndGlobalSection
EndGlobal
